
Microsoft Visual Studio Solution File, Format Version 12.00
# Visual Studio Version 17
VisualStudioVersion = 17.14.36603.0 d17.14
MinimumVisualStudioVersion = 10.0.40219.1
Project("{8BC9CEB8-8B4A-11D0-8D11-00A0C91BC942}") = "Project4", "Project4\Project4.vcxproj", "{89787BC9-90D2-484F-A90A-3B0BA1E4C1BC}"
EndProject
Global
	GlobalSection(SolutionConfigurationPlatforms) = preSolution
		Debug|x64 = Debug|x64
		Debug|x86 = Debug|x86
		Release|x64 = Release|x64
		Release|x86 = Release|x86
	EndGlobalSection
	GlobalSection(ProjectConfigurationPlatforms) = postSolution
		{89787BC9-90D2-484F-A90A-3B0BA1E4C1BC}.Debug|x64.ActiveCfg = Debug|x64
		{89787BC9-90D2-484F-A90A-3B0BA1E4C1BC}.Debug|x64.Build.0 = Debug|x64
		{89787BC9-90D2-484F-A90A-3B0BA1E4C1BC}.Debug|x86.ActiveCfg = Debug|Win32
		{89787BC9-90D2-484F-A90A-3B0BA1E4C1BC}.Debug|x86.Build.0 = Debug|Win32
		{89787BC9-90D2-484F-A90A-3B0BA1E4C1BC}.Release|x64.ActiveCfg = Release|x64
		{89787BC9-90D2-484F-A90A-3B0BA1E4C1BC}.Release|x64.Build.0 = Release|x64
		{89787BC9-90D2-484F-A90A-3B0BA1E4C1BC}.Release|x86.ActiveCfg = Release|Win32
		{89787BC9-90D2-484F-A90A-3B0BA1E4C1BC}.Release|x86.Build.0 = Release|Win32
	EndGlobalSection
	GlobalSection(SolutionProperties) = preSolution
		HideSolutionNode = FALSE
	EndGlobalSection
	GlobalSection(ExtensibilityGlobals) = postSolution
		SolutionGuid = {8272D00E-A700-49F3-9D08-9BFC1F87D57F}
	EndGlobalSection
EndGlobal
